
Microsoft Visual Studio Solution File, Format Version 11.00
# Visual Studio 2010
Project("{FAE04EC0-301F-11D3-BF4B-00C04F79EFBC}") = "ViewModelResolver", "ViewModelResolver\ViewModelResolver.csproj", "{FF424CE7-B0DF-44F2-A70D-CFE2C6D07DE7}"
EndProject
Project("{2150E333-8FDC-42A3-9474-1A3956D46DE8}") = ".nuget", ".nuget", "{BE649407-72BE-41FE-81AC-8C4D3AFD712A}"
	ProjectSection(SolutionItems) = preProject
		.nuget\NuGet.exe = .nuget\NuGet.exe
		.nuget\NuGet.targets = .nuget\NuGet.targets
	EndProjectSection
EndProject
Global
	GlobalSection(SolutionConfigurationPlatforms) = preSolution
		Debug|x86 = Debug|x86
		Release|x86 = Release|x86
	EndGlobalSection
	GlobalSection(ProjectConfigurationPlatforms) = postSolution
		{FF424CE7-B0DF-44F2-A70D-CFE2C6D07DE7}.Debug|x86.ActiveCfg = Debug|x86
		{FF424CE7-B0DF-44F2-A70D-CFE2C6D07DE7}.Debug|x86.Build.0 = Debug|x86
		{FF424CE7-B0DF-44F2-A70D-CFE2C6D07DE7}.Release|x86.ActiveCfg = Release|x86
		{FF424CE7-B0DF-44F2-A70D-CFE2C6D07DE7}.Release|x86.Build.0 = Release|x86
	EndGlobalSection
	GlobalSection(SolutionProperties) = preSolution
		HideSolutionNode = FALSE
	EndGlobalSection
EndGlobal
